// !$*UTF8*$!
{
	archiveVersion = 1;
	classes = {
	};
	objectVersion = 50;
	objects = {

/* Begin PBXBuildFile section */
		2F9EE254240F25DA00FEB634 /* AppDelegate.swift in Sources */ = {isa = PBXBuildFile; fileRef = 2F9EE253240F25DA00FEB634 /* AppDelegate.swift */; };
		2F9EE256240F25DA00FEB634 /* SceneDelegate.swift in Sources */ = {isa = PBXBuildFile; fileRef = 2F9EE255240F25DA00FEB634 /* SceneDelegate.swift */; };
		2F9EE258240F25DA00FEB634 /* ViewController.swift in Sources */ = {isa = PBXBuildFile; fileRef = 2F9EE257240F25DA00FEB634 /* ViewController.swift */; };
		2F9EE25B240F25DA00FEB634 /* Main.storyboard in Resources */ = {isa = PBXBuildFile; fileRef = 2F9EE259240F25DA00FEB634 /* Main.storyboard */; };
		2F9EE25D240F25DB00FEB634 /* Assets.xcassets in Resources */ = {isa = PBXBuildFile; fileRef = 2F9EE25C240F25DB00FEB634 /* Assets.xcassets */; };
		2F9EE260240F25DB00FEB634 /* LaunchScreen.storyboard in Resources */ = {isa = PBXBuildFile; fileRef = 2F9EE25E240F25DB00FEB634 /* LaunchScreen.storyboard */; };
		2F9EE26B240F25DB00FEB634 /* MainTests.swift in Sources */ = {isa = PBXBuildFile; fileRef = 2F9EE26A240F25DB00FEB634 /* MainTests.swift */; };
/* End PBXBuildFile section */

/* Begin PBXContainerItemProxy section */
		2F9EE267240F25DB00FEB634 /* PBXContainerItemProxy */ = {
			isa = PBXContainerItemProxy;
			containerPortal = 2F9EE248240F25D900FEB634 /* Project object */;
			proxyType = 1;
			remoteGlobalIDString = 2F9EE24F240F25DA00FEB634;
			remoteInfo = Main;
		};
/* End PBXContainerItemProxy section */

/* Begin PBXFileReference section */
		2F9EE250240F25DA00FEB634 /* Main.app */ = {isa = PBXFileReference; explicitFileType = wrapper.application; includeInIndex = 0; path = Main.app; sourceTree = BUILT_PRODUCTS_DIR; };
		2F9EE253240F25DA00FEB634 /* AppDelegate.swift */ = {isa = PBXFileReference; lastKnownFileType = sourcecode.swift; path = AppDelegate.swift; sourceTree = "<group>"; };
		2F9EE255240F25DA00FEB634 /* SceneDelegate.swift */ = {isa = PBXFileReference; lastKnownFileType = sourcecode.swift; path = SceneDelegate.swift; sourceTree = "<group>"; };
		2F9EE257240F25DA00FEB634 /* ViewController.swift */ = {isa = PBXFileReference; lastKnownFileType = sourcecode.swift; path = ViewController.swift; sourceTree = "<group>"; };
		2F9EE25A240F25DA00FEB634 /* Base */ = {isa = PBXFileReference; lastKnownFileType = file.storyboard; name = Base; path = Base.lproj/Main.storyboard; sourceTree = "<group>"; };
		2F9EE25C240F25DB00FEB634 /* Assets.xcassets */ = {isa = PBXFileReference; lastKnownFileType = folder.assetcatalog; path = Assets.xcassets; sourceTree = "<group>"; };
		2F9EE25F240F25DB00FEB634 /* Base */ = {isa = PBXFileReference; lastKnownFileType = file.storyboard; name = Base; path = Base.lproj/LaunchScreen.storyboard; sourceTree = "<group>"; };
		2F9EE261240F25DB00FEB634 /* Info.plist */ = {isa = PBXFileReference; lastKnownFileType = text.plist.xml; path = Info.plist; sourceTree = "<group>"; };
		2F9EE266240F25DB00FEB634 /* MainTests.xctest */ = {isa = PBXFileReference; explicitFileType = wrapper.cfbundle; includeInIndex = 0; path = MainTests.xctest; sourceTree = BUILT_PRODUCTS_DIR; };
		2F9EE26A240F25DB00FEB634 /* MainTests.swift */ = {isa = PBXFileReference; lastKnownFileType = sourcecode.swift; path = MainTests.swift; sourceTree = "<group>"; };
		2F9EE26C240F25DB00FEB634 /* Info.plist */ = {isa = PBXFileReference; lastKnownFileType = text.plist.xml; path = Info.plist; sourceTree = "<group>"; };
/* End PBXFileReference section */

/* Begin PBXFrameworksBuildPhase section */
		2F9EE24D240F25DA00FEB634 /* Frameworks */ = {
			isa = PBXFrameworksBuildPhase;
			buildActionMask = 2147483647;
			files = (
			);
			runOnlyForDeploymentPostprocessing = 0;
		};
		2F9EE263240F25DB00FEB634 /* Frameworks */ = {
			isa = PBXFrameworksBuildPhase;
			buildActionMask = 2147483647;
			files = (
			);
			runOnlyForDeploymentPostprocessing = 0;
		};
/* End PBXFrameworksBuildPhase section */

/* Begin PBXGroup section */
		2F9EE247240F25D900FEB634 = {
			isa = PBXGroup;
			children = (
				2F9EE252240F25DA00FEB634 /* Main */,
				2F9EE269240F25DB00FEB634 /* MainTests */,
				2F9EE251240F25DA00FEB634 /* Products */,
			);
			sourceTree = "<group>";
		};
		2F9EE251240F25DA00FEB634 /* Products */ = {
			isa = PBXGroup;
			children = (
				2F9EE250240F25DA00FEB634 /* Main.app */,
				2F9EE266240F25DB00FEB634 /* MainTests.xctest */,
			);
			name = Products;
			sourceTree = "<group>";
		};
		2F9EE252240F25DA00FEB634 /* Main */ = {
			isa = PBXGroup;
			children = (
				2F9EE253240F25DA00FEB634 /* AppDelegate.swift */,
				2F9EE255240F25DA00FEB634 /* SceneDelegate.swift */,
				2F9EE257240F25DA00FEB634 /* ViewController.swift */,
				2F9EE259240F25DA00FEB634 /* Main.storyboard */,
				2F9EE25C240F25DB00FEB634 /* Assets.xcassets */,
				2F9EE25E240F25DB00FEB634 /* LaunchScreen.storyboard */,
				2F9EE261240F25DB00FEB634 /* Info.plist */,
			);
			path = Main;
			sourceTree = "<group>";
		};
		2F9EE269240F25DB00FEB634 /* MainTests */ = {
			isa = PBXGroup;
			children = (
				2F9EE26A240F25DB00FEB634 /* MainTests.swift */,
				2F9EE26C240F25DB00FEB634 /* Info.plist */,
			);
			path = MainTests;
			sourceTree = "<group>";
		};
/* End PBXGroup section */

/* Begin PBXNativeTarget section */
		2F9EE24F240F25DA00FEB634 /* Main */ = {
			isa = PBXNativeTarget;
			buildConfigurationList = 2F9EE26F240F25DB00FEB634 /* Build configuration list for PBXNativeTarget "Main" */;
			buildPhases = (
				2F9EE24C240F25DA00FEB634 /* Sources */,
				2F9EE24D240F25DA00FEB634 /* Frameworks */,
				2F9EE24E240F25DA00FEB634 /* Resources */,
			);
			buildRules = (
			);
			dependencies = (
			);
			name = Main;
			productName = Main;
			productReference = 2F9EE250240F25DA00FEB634 /* Main.app */;
			productType = "com.apple.product-type.application";
		};
		2F9EE265240F25DB00FEB634 /* MainTests */ = {
			isa = PBXNativeTarget;
			buildConfigurationList = 2F9EE272240F25DB00FEB634 /* Build configuration list for PBXNativeTarget "MainTests" */;
			buildPhases = (
				2F9EE262240F25DB00FEB634 /* Sources */,
				2F9EE263240F25DB00FEB634 /* Frameworks */,
				2F9EE264240F25DB00FEB634 /* Resources */,
			);
			buildRules = (
			);
			dependencies = (
				2F9EE268240F25DB00FEB634 /* PBXTargetDependency */,
			);
			name = MainTests;
			productName = MainTests;
			productReference = 2F9EE266240F25DB00FEB634 /* MainTests.xctest */;
			productType = "com.apple.product-type.bundle.unit-test";
		};
/* End PBXNativeTarget section */

/* Begin PBXProject section */
		2F9EE248240F25D900FEB634 /* Project object */ = {
			isa = PBXProject;
			attributes = {
				LastSwiftUpdateCheck = 1130;
				LastUpgradeCheck = 1130;
				ORGANIZATIONNAME = "Matheus Cardoso Kuhn";
				TargetAttributes = {
					2F9EE24F240F25DA00FEB634 = {
						CreatedOnToolsVersion = 11.3.1;
					};
					2F9EE265240F25DB00FEB634 = {
						CreatedOnToolsVersion = 11.3.1;
						TestTargetID = 2F9EE24F240F25DA00FEB634;
					};
				};
			};
			buildConfigurationList = 2F9EE24B240F25D900FEB634 /* Build configuration list for PBXProject "Main" */;
			compatibilityVersion = "Xcode 9.3";
			developmentRegion = en;
			hasScannedForEncodings = 0;
			knownRegions = (
				en,
				Base,
			);
			mainGroup = 2F9EE247240F25D900FEB634;
			productRefGroup = 2F9EE251240F25DA00FEB634 /* Products */;
			projectDirPath = "";
			projectRoot = "";
			targets = (
				2F9EE24F240F25DA00FEB634 /* Main */,
				2F9EE265240F25DB00FEB634 /* MainTests */,
			);
		};
/* End PBXProject section */

/* Begin PBXResourcesBuildPhase section */
		2F9EE24E240F25DA00FEB634 /* Resources */ = {
			isa = PBXResourcesBuildPhase;
			buildActionMask = 2147483647;
			files = (
				2F9EE260240F25DB00FEB634 /* LaunchScreen.storyboard in Resources */,
				2F9EE25D240F25DB00FEB634 /* Assets.xcassets in Resources */,
				2F9EE25B240F25DA00FEB634 /* Main.storyboard in Resources */,
			);
			runOnlyForDeploymentPostprocessing = 0;
		};
		2F9EE264240F25DB00FEB634 /* Resources */ = {
			isa = PBXResourcesBuildPhase;
			buildActionMask = 2147483647;
			files = (
			);
			runOnlyForDeploymentPostprocessing = 0;
		};
/* End PBXResourcesBuildPhase section */

/* Begin PBXSourcesBuildPhase section */
		2F9EE24C240F25DA00FEB634 /* Sources */ = {
			isa = PBXSourcesBuildPhase;
			buildActionMask = 2147483647;
			files = (
				2F9EE258240F25DA00FEB634 /* ViewController.swift in Sources */,
				2F9EE254240F25DA00FEB634 /* AppDelegate.swift in Sources */,
				2F9EE256240F25DA00FEB634 /* SceneDelegate.swift in Sources */,
			);
			runOnlyForDeploymentPostprocessing = 0;
		};
		2F9EE262240F25DB00FEB634 /* Sources */ = {
			isa = PBXSourcesBuildPhase;
			buildActionMask = 2147483647;
			files = (
				2F9EE26B240F25DB00FEB634 /* MainTests.swift in Sources */,
			);
			runOnlyForDeploymentPostprocessing = 0;
		};
/* End PBXSourcesBuildPhase section */

/* Begin PBXTargetDependency section */
		2F9EE268240F25DB00FEB634 /* PBXTargetDependency */ = {
			isa = PBXTargetDependency;
			target = 2F9EE24F240F25DA00FEB634 /* Main */;
			targetProxy = 2F9EE267240F25DB00FEB634 /* PBXContainerItemProxy */;
		};
/* End PBXTargetDependency section */

/* Begin PBXVariantGroup section */
		2F9EE259240F25DA00FEB634 /* Main.storyboard */ = {
			isa = PBXVariantGroup;
			children = (
				2F9EE25A240F25DA00FEB634 /* Base */,
			);
			name = Main.storyboard;
			sourceTree = "<group>";
		};
		2F9EE25E240F25DB00FEB634 /* LaunchScreen.storyboard */ = {
			isa = PBXVariantGroup;
			children = (
				2F9EE25F240F25DB00FEB634 /* Base */,
			);
			name = LaunchScreen.storyboard;
			sourceTree = "<group>";
		};
/* End PBXVariantGroup section */

/* Begin XCBuildConfiguration section */
		2F9EE26D240F25DB00FEB634 /* Debug */ = {
			isa = XCBuildConfiguration;
			buildSettings = {
				ALWAYS_SEARCH_USER_PATHS = NO;
				CLANG_ANALYZER_NONNULL = YES;
				CLANG_ANALYZER_NUMBER_OBJECT_CONVERSION = YES_AGGRESSIVE;
				CLANG_CXX_LANGUAGE_STANDARD = "gnu++14";
				CLANG_CXX_LIBRARY = "libc++";
				CLANG_ENABLE_MODULES = YES;
				CLANG_ENABLE_OBJC_ARC = YES;
				CLANG_ENABLE_OBJC_WEAK = YES;
				CLANG_WARN_BLOCK_CAPTURE_AUTORELEASING = YES;
				CLANG_WARN_BOOL_CONVERSION = YES;
				CLANG_WARN_COMMA = YES;
				CLANG_WARN_CONSTANT_CONVERSION = YES;
				CLANG_WARN_DEPRECATED_OBJC_IMPLEMENTATIONS = YES;
				CLANG_WARN_DIRECT_OBJC_ISA_USAGE = YES_ERROR;
				CLANG_WARN_DOCUMENTATION_COMMENTS = YES;
				CLANG_WARN_EMPTY_BODY = YES;
				CLANG_WARN_ENUM_CONVERSION = YES;
				CLANG_WARN_INFINITE_RECURSION = YES;
				CLANG_WARN_INT_CONVERSION = YES;
				CLANG_WARN_NON_LITERAL_NULL_CONVERSION = YES;
				CLANG_WARN_OBJC_IMPLICIT_RETAIN_SELF = YES;
				CLANG_WARN_OBJC_LITERAL_CONVERSION = YES;
				CLANG_WARN_OBJC_ROOT_CLASS = YES_ERROR;
				CLANG_WARN_RANGE_LOOP_ANALYSIS = YES;
				CLANG_WARN_STRICT_PROTOTYPES = YES;
				CLANG_WARN_SUSPICIOUS_MOVE = YES;
				CLANG_WARN_UNGUARDED_AVAILABILITY = YES_AGGRESSIVE;
				CLANG_WARN_UNREACHABLE_CODE = YES;
				CLANG_WARN__DUPLICATE_METHOD_MATCH = YES;
				COPY_PHASE_STRIP = NO;
				DEBUG_INFORMATION_FORMAT = dwarf;
				ENABLE_STRICT_OBJC_MSGSEND = YES;
				ENABLE_TESTABILITY = YES;
				GCC_C_LANGUAGE_STANDARD = gnu11;
				GCC_DYNAMIC_NO_PIC = NO;
				GCC_NO_COMMON_BLOCKS = YES;
				GCC_OPTIMIZATION_LEVEL = 0;
				GCC_PREPROCESSOR_DEFINITIONS = (
					"DEBUG=1",
					"$(inherited)",
				);
				GCC_WARN_64_TO_32_BIT_CONVERSION = YES;
				GCC_WARN_ABOUT_RETURN_TYPE = YES_ERROR;
				GCC_WARN_UNDECLARED_SELECTOR = YES;
				GCC_WARN_UNINITIALIZED_AUTOS = YES_AGGRESSIVE;
				GCC_WARN_UNUSED_FUNCTION = YES;
				GCC_WARN_UNUSED_VARIABLE = YES;
				IPHONEOS_DEPLOYMENT_TARGET = 13.2;
				MTL_ENABLE_DEBUG_INFO = INCLUDE_SOURCE;
				MTL_FAST_MATH = YES;
				ONLY_ACTIVE_ARCH = YES;
				SDKROOT = iphoneos;
				SWIFT_ACTIVE_COMPILATION_CONDITIONS = DEBUG;
				SWIFT_OPTIMIZATION_LEVEL = "-Onone";
			};
			name = Debug;
		};
		2F9EE26E240F25DB00FEB634 /* Release */ = {
			isa = XCBuildConfiguration;
			buildSettings = {
				ALWAYS_SEARCH_USER_PATHS = NO;
				CLANG_ANALYZER_NONNULL = YES;
				CLANG_ANALYZER_NUMBER_OBJECT_CONVERSION = YES_AGGRESSIVE;
				CLANG_CXX_LANGUAGE_STANDARD = "gnu++14";
				CLANG_CXX_LIBRARY = "libc++";
				CLANG_ENABLE_MODULES = YES;
				CLANG_ENABLE_OBJC_ARC = YES;
				CLANG_ENABLE_OBJC_WEAK = YES;
				CLANG_WARN_BLOCK_CAPTURE_AUTORELEASING = YES;
				CLANG_WARN_BOOL_CONVERSION = YES;
				CLANG_WARN_COMMA = YES;
				CLANG_WARN_CONSTANT_CONVERSION = YES;
				CLANG_WARN_DEPRECATED_OBJC_IMPLEMENTATIONS = YES;
				CLANG_WARN_DIRECT_OBJC_ISA_USAGE = YES_ERROR;
				CLANG_WARN_DOCUMENTATION_COMMENTS = YES;
				CLANG_WARN_EMPTY_BODY = YES;
				CLANG_WARN_ENUM_CONVERSION = YES;
				CLANG_WARN_INFINITE_RECURSION = YES;
				CLANG_WARN_INT_CONVERSION = YES;
				CLANG_WARN_NON_LITERAL_NULL_CONVERSION = YES;
				CLANG_WARN_OBJC_IMPLICIT_RETAIN_SELF = YES;
				CLANG_WARN_OBJC_LITERAL_CONVERSION = YES;
				CLANG_WARN_OBJC_ROOT_CLASS = YES_ERROR;
				CLANG_WARN_RANGE_LOOP_ANALYSIS = YES;
				CLANG_WARN_STRICT_PROTOTYPES = YES;
				CLANG_WARN_SUSPICIOUS_MOVE = YES;
				CLANG_WARN_UNGUARDED_AVAILABILITY = YES_AGGRESSIVE;
				CLANG_WARN_UNREACHABLE_CODE = YES;
				CLANG_WARN__DUPLICATE_METHOD_MATCH = YES;
				COPY_PHASE_STRIP = NO;
				DEBUG_INFORMATION_FORMAT = "dwarf-with-dsym";
				ENABLE_NS_ASSERTIONS = NO;
				ENABLE_STRICT_OBJC_MSGSEND = YES;
				GCC_C_LANGUAGE_STANDARD = gnu11;
				GCC_NO_COMMON_BLOCKS = YES;
				GCC_WARN_64_TO_32_BIT_CONVERSION = YES;
				GCC_WARN_ABOUT_RETURN_TYPE = YES_ERROR;
				GCC_WARN_UNDECLARED_SELECTOR = YES;
				GCC_WARN_UNINITIALIZED_AUTOS = YES_AGGRESSIVE;
				GCC_WARN_UNUSED_FUNCTION = YES;
				GCC_WARN_UNUSED_VARIABLE = YES;
				IPHONEOS_DEPLOYMENT_TARGET = 13.2;
				MTL_ENABLE_DEBUG_INFO = NO;
				MTL_FAST_MATH = YES;
				SDKROOT = iphoneos;
				SWIFT_COMPILATION_MODE = wholemodule;
				SWIFT_OPTIMIZATION_LEVEL = "-O";
				VALIDATE_PRODUCT = YES;
			};
			name = Release;
		};
		2F9EE270240F25DB00FEB634 /* Debug */ = {
			isa = XCBuildConfiguration;
			buildSettings = {
				ASSETCATALOG_COMPILER_APPICON_NAME = AppIcon;
				CODE_SIGN_STYLE = Automatic;
				DEVELOPMENT_TEAM = 75Q35KU859;
				INFOPLIST_FILE = Main/Info.plist;
				LD_RUNPATH_SEARCH_PATHS = (
					"$(inherited)",
					"@executable_path/Frameworks",
				);
				PRODUCT_BUNDLE_IDENTIFIER = MDT.Main;
				PRODUCT_NAME = "$(TARGET_NAME)";
				SWIFT_VERSION = 5.0;
				TARGETED_DEVICE_FAMILY = "1,2";
			};
			name = Debug;
		};
		2F9EE271240F25DB00FEB634 /* Release */ = {
			isa = XCBuildConfiguration;
			buildSettings = {
				ASSETCATALOG_COMPILER_APPICON_NAME = AppIcon;
				CODE_SIGN_STYLE = Automatic;
				DEVELOPMENT_TEAM = 75Q35KU859;
				INFOPLIST_FILE = Main/Info.plist;
				LD_RUNPATH_SEARCH_PATHS = (
					"$(inherited)",
					"@executable_path/Frameworks",
				);
				PRODUCT_BUNDLE_IDENTIFIER = MDT.Main;
				PRODUCT_NAME = "$(TARGET_NAME)";
				SWIFT_VERSION = 5.0;
				TARGETED_DEVICE_FAMILY = "1,2";
			};
			name = Release;
		};
		2F9EE273240F25DB00FEB634 /* Debug */ = {
			isa = XCBuildConfiguration;
			buildSettings = {
				ALWAYS_EMBED_SWIFT_STANDARD_LIBRARIES = YES;
				BUNDLE_LOADER = "$(TEST_HOST)";
				CODE_SIGN_STYLE = Automatic;
				DEVELOPMENT_TEAM = 75Q35KU859;
				INFOPLIST_FILE = MainTests/Info.plist;
				IPHONEOS_DEPLOYMENT_TARGET = 13.2;
				LD_RUNPATH_SEARCH_PATHS = (
					"$(inherited)",
					"@executable_path/Frameworks",
					"@loader_path/Frameworks",
				);
				PRODUCT_BUNDLE_IDENTIFIER = MDT.MainTests;
				PRODUCT_NAME = "$(TARGET_NAME)";
				SWIFT_VERSION = 5.0;
				TARGETED_DEVICE_FAMILY = "1,2";
				TEST_HOST = "$(BUILT_PRODUCTS_DIR)/Main.app/Main";
			};
			name = Debug;
		};
		2F9EE274240F25DB00FEB634 /* Release */ = {
			isa = XCBuildConfiguration;
			buildSettings = {
				ALWAYS_EMBED_SWIFT_STANDARD_LIBRARIES = YES;
				BUNDLE_LOADER = "$(TEST_HOST)";
				CODE_SIGN_STYLE = Automatic;
				DEVELOPMENT_TEAM = 75Q35KU859;
				INFOPLIST_FILE = MainTests/Info.plist;
				IPHONEOS_DEPLOYMENT_TARGET = 13.2;
				LD_RUNPATH_SEARCH_PATHS = (
					"$(inherited)",
					"@executable_path/Frameworks",
					"@loader_path/Frameworks",
				);
				PRODUCT_BUNDLE_IDENTIFIER = MDT.MainTests;
				PRODUCT_NAME = "$(TARGET_NAME)";
				SWIFT_VERSION = 5.0;
				TARGETED_DEVICE_FAMILY = "1,2";
				TEST_HOST = "$(BUILT_PRODUCTS_DIR)/Main.app/Main";
			};
			name = Release;
		};
/* End XCBuildConfiguration section */

/* Begin XCConfigurationList section */
		2F9EE24B240F25D900FEB634 /* Build configuration list for PBXProject "Main" */ = {
			isa = XCConfigurationList;
			buildConfigurations = (
				2F9EE26D240F25DB00FEB634 /* Debug */,
				2F9EE26E240F25DB00FEB634 /* Release */,
			);
			defaultConfigurationIsVisible = 0;
			defaultConfigurationName = Release;
		};
		2F9EE26F240F25DB00FEB634 /* Build configuration list for PBXNativeTarget "Main" */ = {
			isa = XCConfigurationList;
			buildConfigurations = (
				2F9EE270240F25DB00FEB634 /* Debug */,
				2F9EE271240F25DB00FEB634 /* Release */,
			);
			defaultConfigurationIsVisible = 0;
			defaultConfigurationName = Release;
		};
		2F9EE272240F25DB00FEB634 /* Build configuration list for PBXNativeTarget "MainTests" */ = {
			isa = XCConfigurationList;
			buildConfigurations = (
				2F9EE273240F25DB00FEB634 /* Debug */,
				2F9EE274240F25DB00FEB634 /* Release */,
			);
			defaultConfigurationIsVisible = 0;
			defaultConfigurationName = Release;
		};
/* End XCConfigurationList section */
	};
	rootObject = 2F9EE248240F25D900FEB634 /* Project object */;
}
