// !$*UTF8*$!
{
	archiveVersion = 1;
	classes = {
	};
	objectVersion = 50;
	objects = {

/* Begin PBXBuildFile section */
		2F950E032414A85E00FD5A6B /* NotificationCenter.framework in Frameworks */ = {isa = PBXBuildFile; fileRef = 2F950E022414A85E00FD5A6B /* NotificationCenter.framework */; };
		2F950E062414A85E00FD5A6B /* TodayViewController.swift in Sources */ = {isa = PBXBuildFile; fileRef = 2F950E052414A85E00FD5A6B /* TodayViewController.swift */; };
		2F950E092414A85E00FD5A6B /* MainInterface.storyboard in Resources */ = {isa = PBXBuildFile; fileRef = 2F950E072414A85E00FD5A6B /* MainInterface.storyboard */; };
		2F950E0D2414A85E00FD5A6B /* Bit Market Current Value.appex in Embed App Extensions */ = {isa = PBXBuildFile; fileRef = 2F950E012414A85E00FD5A6B /* Bit Market Current Value.appex */; settings = {ATTRIBUTES = (RemoveHeadersOnCopy, ); }; };
		2F950E162415541100FD5A6B /* Currency.framework in Frameworks */ = {isa = PBXBuildFile; fileRef = 2F950E152415541100FD5A6B /* Currency.framework */; };
		2F950E172415541100FD5A6B /* Currency.framework in Embed Frameworks */ = {isa = PBXBuildFile; fileRef = 2F950E152415541100FD5A6B /* Currency.framework */; settings = {ATTRIBUTES = (CodeSignOnCopy, RemoveHeadersOnCopy, ); }; };
		2F950E262415577D00FD5A6B /* Formatter.framework in Frameworks */ = {isa = PBXBuildFile; fileRef = 2F950E252415577D00FD5A6B /* Formatter.framework */; };
		2F950E282415577D00FD5A6B /* Resources.framework in Frameworks */ = {isa = PBXBuildFile; fileRef = 2F950E272415577D00FD5A6B /* Resources.framework */; };
		2F950E2A2415577D00FD5A6B /* Service.framework in Frameworks */ = {isa = PBXBuildFile; fileRef = 2F950E292415577D00FD5A6B /* Service.framework */; };
		2F950E2D241559B700FD5A6B /* TodayInteractor.swift in Sources */ = {isa = PBXBuildFile; fileRef = 2F950E2C241559B700FD5A6B /* TodayInteractor.swift */; };
		2F950E2F24155A4B00FD5A6B /* TodayService.swift in Sources */ = {isa = PBXBuildFile; fileRef = 2F950E2E24155A4B00FD5A6B /* TodayService.swift */; };
		2F950E3124155B2F00FD5A6B /* TodayPresenter.swift in Sources */ = {isa = PBXBuildFile; fileRef = 2F950E3024155B2F00FD5A6B /* TodayPresenter.swift */; };
		2F9EE2AB240F290800FEB634 /* AppDelegate.swift in Sources */ = {isa = PBXBuildFile; fileRef = 2F9EE2AA240F290800FEB634 /* AppDelegate.swift */; };
		2F9EE2AD240F290800FEB634 /* SceneDelegate.swift in Sources */ = {isa = PBXBuildFile; fileRef = 2F9EE2AC240F290800FEB634 /* SceneDelegate.swift */; };
		2F9EE2B4240F290A00FEB634 /* Assets.xcassets in Resources */ = {isa = PBXBuildFile; fileRef = 2F9EE2B3240F290A00FEB634 /* Assets.xcassets */; };
		2F9EE2B7240F290A00FEB634 /* LaunchScreen.storyboard in Resources */ = {isa = PBXBuildFile; fileRef = 2F9EE2B5240F290A00FEB634 /* LaunchScreen.storyboard */; };
		2FA2FB79241570A3009F4749 /* Bit_MarketTests.swift in Sources */ = {isa = PBXBuildFile; fileRef = 2FA2FB78241570A3009F4749 /* Bit_MarketTests.swift */; };
		40AD22C0BF16FDB4DF8E5428 /* Pods_BitMarket.framework in Frameworks */ = {isa = PBXBuildFile; fileRef = D31CC50E3B4B9BC90AB045C3 /* Pods_BitMarket.framework */; };
		FB0B23C9D28A9EDF8B1E2A35 /* Pods_Bit_MarketTests.framework in Frameworks */ = {isa = PBXBuildFile; fileRef = A16FD84D00DE84A2CAE27F4C /* Pods_Bit_MarketTests.framework */; };
/* End PBXBuildFile section */

/* Begin PBXContainerItemProxy section */
		2F950E0B2414A85E00FD5A6B /* PBXContainerItemProxy */ = {
			isa = PBXContainerItemProxy;
			containerPortal = 2F9EE29F240F290800FEB634 /* Project object */;
			proxyType = 1;
			remoteGlobalIDString = 2F950E002414A85E00FD5A6B;
			remoteInfo = BitMarketWidget;
		};
		2FA2FB7B241570A3009F4749 /* PBXContainerItemProxy */ = {
			isa = PBXContainerItemProxy;
			containerPortal = 2F9EE29F240F290800FEB634 /* Project object */;
			proxyType = 1;
			remoteGlobalIDString = 2F9EE2A6240F290800FEB634;
			remoteInfo = BitMarket;
		};
/* End PBXContainerItemProxy section */

/* Begin PBXCopyFilesBuildPhase section */
		2F950E0E2414A85E00FD5A6B /* Embed App Extensions */ = {
			isa = PBXCopyFilesBuildPhase;
			buildActionMask = 2147483647;
			dstPath = "";
			dstSubfolderSpec = 13;
			files = (
				2F950E0D2414A85E00FD5A6B /* Bit Market Current Value.appex in Embed App Extensions */,
			);
			name = "Embed App Extensions";
			runOnlyForDeploymentPostprocessing = 0;
		};
		2F950E14241551FF00FD5A6B /* Embed Frameworks */ = {
			isa = PBXCopyFilesBuildPhase;
			buildActionMask = 2147483647;
			dstPath = "";
			dstSubfolderSpec = 10;
			files = (
				2F950E172415541100FD5A6B /* Currency.framework in Embed Frameworks */,
			);
			name = "Embed Frameworks";
			runOnlyForDeploymentPostprocessing = 0;
		};
/* End PBXCopyFilesBuildPhase section */

/* Begin PBXFileReference section */
		2F950E012414A85E00FD5A6B /* Bit Market Current Value.appex */ = {isa = PBXFileReference; explicitFileType = "wrapper.app-extension"; includeInIndex = 0; path = "Bit Market Current Value.appex"; sourceTree = BUILT_PRODUCTS_DIR; };
		2F950E022414A85E00FD5A6B /* NotificationCenter.framework */ = {isa = PBXFileReference; lastKnownFileType = wrapper.framework; name = NotificationCenter.framework; path = System/Library/Frameworks/NotificationCenter.framework; sourceTree = SDKROOT; };
		2F950E052414A85E00FD5A6B /* TodayViewController.swift */ = {isa = PBXFileReference; lastKnownFileType = sourcecode.swift; path = TodayViewController.swift; sourceTree = "<group>"; };
		2F950E082414A85E00FD5A6B /* Base */ = {isa = PBXFileReference; lastKnownFileType = file.storyboard; name = Base; path = Base.lproj/MainInterface.storyboard; sourceTree = "<group>"; };
		2F950E0A2414A85E00FD5A6B /* Info.plist */ = {isa = PBXFileReference; lastKnownFileType = text.plist.xml; path = Info.plist; sourceTree = "<group>"; };
		2F950E152415541100FD5A6B /* Currency.framework */ = {isa = PBXFileReference; explicitFileType = wrapper.framework; path = Currency.framework; sourceTree = BUILT_PRODUCTS_DIR; };
		2F950E252415577D00FD5A6B /* Formatter.framework */ = {isa = PBXFileReference; explicitFileType = wrapper.framework; path = Formatter.framework; sourceTree = BUILT_PRODUCTS_DIR; };
		2F950E272415577D00FD5A6B /* Resources.framework */ = {isa = PBXFileReference; explicitFileType = wrapper.framework; path = Resources.framework; sourceTree = BUILT_PRODUCTS_DIR; };
		2F950E292415577D00FD5A6B /* Service.framework */ = {isa = PBXFileReference; explicitFileType = wrapper.framework; path = Service.framework; sourceTree = BUILT_PRODUCTS_DIR; };
		2F950E2C241559B700FD5A6B /* TodayInteractor.swift */ = {isa = PBXFileReference; lastKnownFileType = sourcecode.swift; path = TodayInteractor.swift; sourceTree = "<group>"; };
		2F950E2E24155A4B00FD5A6B /* TodayService.swift */ = {isa = PBXFileReference; lastKnownFileType = sourcecode.swift; path = TodayService.swift; sourceTree = "<group>"; };
		2F950E3024155B2F00FD5A6B /* TodayPresenter.swift */ = {isa = PBXFileReference; lastKnownFileType = sourcecode.swift; path = TodayPresenter.swift; sourceTree = "<group>"; };
		2F9EE2A7240F290800FEB634 /* Bit Market.app */ = {isa = PBXFileReference; explicitFileType = wrapper.application; includeInIndex = 0; path = "Bit Market.app"; sourceTree = BUILT_PRODUCTS_DIR; };
		2F9EE2AA240F290800FEB634 /* AppDelegate.swift */ = {isa = PBXFileReference; lastKnownFileType = sourcecode.swift; path = AppDelegate.swift; sourceTree = "<group>"; };
		2F9EE2AC240F290800FEB634 /* SceneDelegate.swift */ = {isa = PBXFileReference; lastKnownFileType = sourcecode.swift; path = SceneDelegate.swift; sourceTree = "<group>"; };
		2F9EE2B3240F290A00FEB634 /* Assets.xcassets */ = {isa = PBXFileReference; lastKnownFileType = folder.assetcatalog; path = Assets.xcassets; sourceTree = "<group>"; };
		2F9EE2B6240F290A00FEB634 /* Base */ = {isa = PBXFileReference; lastKnownFileType = file.storyboard; name = Base; path = Base.lproj/LaunchScreen.storyboard; sourceTree = "<group>"; };
		2F9EE2B8240F290A00FEB634 /* Info.plist */ = {isa = PBXFileReference; lastKnownFileType = text.plist.xml; path = Info.plist; sourceTree = "<group>"; };
		2FA2FB3F2415678B009F4749 /* Bit Market Current Value.entitlements */ = {isa = PBXFileReference; lastKnownFileType = text.plist.entitlements; path = "Bit Market Current Value.entitlements"; sourceTree = "<group>"; };
		2FA2FB40241567A0009F4749 /* Bit Market.entitlements */ = {isa = PBXFileReference; lastKnownFileType = text.plist.entitlements; path = "Bit Market.entitlements"; sourceTree = "<group>"; };
		2FA2FB76241570A2009F4749 /* Bit MarketTests.xctest */ = {isa = PBXFileReference; explicitFileType = wrapper.cfbundle; includeInIndex = 0; path = "Bit MarketTests.xctest"; sourceTree = BUILT_PRODUCTS_DIR; };
		2FA2FB78241570A3009F4749 /* Bit_MarketTests.swift */ = {isa = PBXFileReference; lastKnownFileType = sourcecode.swift; path = Bit_MarketTests.swift; sourceTree = "<group>"; };
		2FA2FB7A241570A3009F4749 /* Info.plist */ = {isa = PBXFileReference; lastKnownFileType = text.plist.xml; path = Info.plist; sourceTree = "<group>"; };
		42032059A5CD2F75672133E0 /* Pods-Bit MarketTests.debug.xcconfig */ = {isa = PBXFileReference; includeInIndex = 1; lastKnownFileType = text.xcconfig; name = "Pods-Bit MarketTests.debug.xcconfig"; path = "../bitMarket/Pods/Target Support Files/Pods-Bit MarketTests/Pods-Bit MarketTests.debug.xcconfig"; sourceTree = "<group>"; };
		8685617E61D02F683FD3344E /* Pods_BitMarketTests.framework */ = {isa = PBXFileReference; explicitFileType = wrapper.framework; includeInIndex = 0; path = Pods_BitMarketTests.framework; sourceTree = BUILT_PRODUCTS_DIR; };
		89B37484C7BA8CAFD099D3B5 /* Pods-BitMarketTests.release.xcconfig */ = {isa = PBXFileReference; includeInIndex = 1; lastKnownFileType = text.xcconfig; name = "Pods-BitMarketTests.release.xcconfig"; path = "../bitMarket/Pods/Target Support Files/Pods-BitMarketTests/Pods-BitMarketTests.release.xcconfig"; sourceTree = "<group>"; };
		91AAAE00133E8CA67BA2CDFE /* Pods-BitMarket.debug.xcconfig */ = {isa = PBXFileReference; includeInIndex = 1; lastKnownFileType = text.xcconfig; name = "Pods-BitMarket.debug.xcconfig"; path = "../bitMarket/Pods/Target Support Files/Pods-BitMarket/Pods-BitMarket.debug.xcconfig"; sourceTree = "<group>"; };
		969D21B4E7074176839DC354 /* Pods-Bit MarketTests.release.xcconfig */ = {isa = PBXFileReference; includeInIndex = 1; lastKnownFileType = text.xcconfig; name = "Pods-Bit MarketTests.release.xcconfig"; path = "../bitMarket/Pods/Target Support Files/Pods-Bit MarketTests/Pods-Bit MarketTests.release.xcconfig"; sourceTree = "<group>"; };
		A16FD84D00DE84A2CAE27F4C /* Pods_Bit_MarketTests.framework */ = {isa = PBXFileReference; explicitFileType = wrapper.framework; includeInIndex = 0; path = Pods_Bit_MarketTests.framework; sourceTree = BUILT_PRODUCTS_DIR; };
		B8D15D0B5F768962656F2ADC /* Pods-Bit Market.debug.xcconfig */ = {isa = PBXFileReference; includeInIndex = 1; lastKnownFileType = text.xcconfig; name = "Pods-Bit Market.debug.xcconfig"; path = "../bitMarket/Pods/Target Support Files/Pods-Bit Market/Pods-Bit Market.debug.xcconfig"; sourceTree = "<group>"; };
		BCE4D254818B1CB5E5CEE07F /* Pods-BitMarketTests.debug.xcconfig */ = {isa = PBXFileReference; includeInIndex = 1; lastKnownFileType = text.xcconfig; name = "Pods-BitMarketTests.debug.xcconfig"; path = "../bitMarket/Pods/Target Support Files/Pods-BitMarketTests/Pods-BitMarketTests.debug.xcconfig"; sourceTree = "<group>"; };
		C97E3692FD4640FA324061D6 /* Pods-Bit Market.release.xcconfig */ = {isa = PBXFileReference; includeInIndex = 1; lastKnownFileType = text.xcconfig; name = "Pods-Bit Market.release.xcconfig"; path = "../bitMarket/Pods/Target Support Files/Pods-Bit Market/Pods-Bit Market.release.xcconfig"; sourceTree = "<group>"; };
		D31CC50E3B4B9BC90AB045C3 /* Pods_BitMarket.framework */ = {isa = PBXFileReference; explicitFileType = wrapper.framework; includeInIndex = 0; path = Pods_BitMarket.framework; sourceTree = BUILT_PRODUCTS_DIR; };
		D7D8C100064D8BEDE361C68C /* Pods-BitMarket.release.xcconfig */ = {isa = PBXFileReference; includeInIndex = 1; lastKnownFileType = text.xcconfig; name = "Pods-BitMarket.release.xcconfig"; path = "../bitMarket/Pods/Target Support Files/Pods-BitMarket/Pods-BitMarket.release.xcconfig"; sourceTree = "<group>"; };
/* End PBXFileReference section */

/* Begin PBXFrameworksBuildPhase section */
		2F950DFE2414A85E00FD5A6B /* Frameworks */ = {
			isa = PBXFrameworksBuildPhase;
			buildActionMask = 2147483647;
			files = (
				2F950E262415577D00FD5A6B /* Formatter.framework in Frameworks */,
				2F950E282415577D00FD5A6B /* Resources.framework in Frameworks */,
				2F950E2A2415577D00FD5A6B /* Service.framework in Frameworks */,
				2F950E032414A85E00FD5A6B /* NotificationCenter.framework in Frameworks */,
			);
			runOnlyForDeploymentPostprocessing = 0;
		};
		2F9EE2A4240F290800FEB634 /* Frameworks */ = {
			isa = PBXFrameworksBuildPhase;
			buildActionMask = 2147483647;
			files = (
				2F950E162415541100FD5A6B /* Currency.framework in Frameworks */,
				40AD22C0BF16FDB4DF8E5428 /* Pods_BitMarket.framework in Frameworks */,
			);
			runOnlyForDeploymentPostprocessing = 0;
		};
		2FA2FB73241570A2009F4749 /* Frameworks */ = {
			isa = PBXFrameworksBuildPhase;
			buildActionMask = 2147483647;
			files = (
				FB0B23C9D28A9EDF8B1E2A35 /* Pods_Bit_MarketTests.framework in Frameworks */,
			);
			runOnlyForDeploymentPostprocessing = 0;
		};
/* End PBXFrameworksBuildPhase section */

/* Begin PBXGroup section */
		264914C080C58DC16513B848 /* Pods */ = {
			isa = PBXGroup;
			children = (
				B8D15D0B5F768962656F2ADC /* Pods-Bit Market.debug.xcconfig */,
				C97E3692FD4640FA324061D6 /* Pods-Bit Market.release.xcconfig */,
				42032059A5CD2F75672133E0 /* Pods-Bit MarketTests.debug.xcconfig */,
				969D21B4E7074176839DC354 /* Pods-Bit MarketTests.release.xcconfig */,
				91AAAE00133E8CA67BA2CDFE /* Pods-BitMarket.debug.xcconfig */,
				D7D8C100064D8BEDE361C68C /* Pods-BitMarket.release.xcconfig */,
				BCE4D254818B1CB5E5CEE07F /* Pods-BitMarketTests.debug.xcconfig */,
				89B37484C7BA8CAFD099D3B5 /* Pods-BitMarketTests.release.xcconfig */,
			);
			name = Pods;
			path = ../Pods;
			sourceTree = "<group>";
		};
		2F950E042414A85E00FD5A6B /* BitMarketWidget */ = {
			isa = PBXGroup;
			children = (
				2FA2FB3F2415678B009F4749 /* Bit Market Current Value.entitlements */,
				2F950E2B241559A100FD5A6B /* Today */,
				2F950E072414A85E00FD5A6B /* MainInterface.storyboard */,
				2F950E0A2414A85E00FD5A6B /* Info.plist */,
			);
			path = BitMarketWidget;
			sourceTree = "<group>";
		};
		2F950E2B241559A100FD5A6B /* Today */ = {
			isa = PBXGroup;
			children = (
				2F950E2C241559B700FD5A6B /* TodayInteractor.swift */,
				2F950E3024155B2F00FD5A6B /* TodayPresenter.swift */,
				2F950E2E24155A4B00FD5A6B /* TodayService.swift */,
				2F950E052414A85E00FD5A6B /* TodayViewController.swift */,
			);
			path = Today;
			sourceTree = "<group>";
		};
		2F9EE29E240F290800FEB634 = {
			isa = PBXGroup;
			children = (
				2FA2FB40241567A0009F4749 /* Bit Market.entitlements */,
				2F9EE2A9240F290800FEB634 /* Bit Market */,
				2F950E042414A85E00FD5A6B /* BitMarketWidget */,
				2FA2FB77241570A3009F4749 /* Bit MarketTests */,
				2F9EE2A8240F290800FEB634 /* Products */,
				264914C080C58DC16513B848 /* Pods */,
				55E93E2F6CB7D426BA7E9136 /* Frameworks */,
			);
			sourceTree = "<group>";
		};
		2F9EE2A8240F290800FEB634 /* Products */ = {
			isa = PBXGroup;
			children = (
				2F9EE2A7240F290800FEB634 /* Bit Market.app */,
				2F950E012414A85E00FD5A6B /* Bit Market Current Value.appex */,
				2FA2FB76241570A2009F4749 /* Bit MarketTests.xctest */,
			);
			name = Products;
			sourceTree = "<group>";
		};
		2F9EE2A9240F290800FEB634 /* Bit Market */ = {
			isa = PBXGroup;
			children = (
				2F9EE2AA240F290800FEB634 /* AppDelegate.swift */,
				2F9EE2AC240F290800FEB634 /* SceneDelegate.swift */,
				2F9EE2B3240F290A00FEB634 /* Assets.xcassets */,
				2F9EE2B5240F290A00FEB634 /* LaunchScreen.storyboard */,
				2F9EE2B8240F290A00FEB634 /* Info.plist */,
			);
			path = "Bit Market";
			sourceTree = "<group>";
		};
		2FA2FB77241570A3009F4749 /* Bit MarketTests */ = {
			isa = PBXGroup;
			children = (
				2FA2FB78241570A3009F4749 /* Bit_MarketTests.swift */,
				2FA2FB7A241570A3009F4749 /* Info.plist */,
			);
			path = "Bit MarketTests";
			sourceTree = "<group>";
		};
		55E93E2F6CB7D426BA7E9136 /* Frameworks */ = {
			isa = PBXGroup;
			children = (
				2F950E252415577D00FD5A6B /* Formatter.framework */,
				2F950E272415577D00FD5A6B /* Resources.framework */,
				2F950E292415577D00FD5A6B /* Service.framework */,
				2F950E152415541100FD5A6B /* Currency.framework */,
				2F950E022414A85E00FD5A6B /* NotificationCenter.framework */,
				D31CC50E3B4B9BC90AB045C3 /* Pods_BitMarket.framework */,
				8685617E61D02F683FD3344E /* Pods_BitMarketTests.framework */,
				A16FD84D00DE84A2CAE27F4C /* Pods_Bit_MarketTests.framework */,
			);
			name = Frameworks;
			sourceTree = "<group>";
		};
/* End PBXGroup section */

/* Begin PBXNativeTarget section */
		2F950E002414A85E00FD5A6B /* BitMarketWidget */ = {
			isa = PBXNativeTarget;
			buildConfigurationList = 2F950E112414A85E00FD5A6B /* Build configuration list for PBXNativeTarget "BitMarketWidget" */;
			buildPhases = (
				2F950DFD2414A85E00FD5A6B /* Sources */,
				2F950DFE2414A85E00FD5A6B /* Frameworks */,
				2F950DFF2414A85E00FD5A6B /* Resources */,
			);
			buildRules = (
			);
			dependencies = (
			);
			name = BitMarketWidget;
			productName = BitMarketWidget;
			productReference = 2F950E012414A85E00FD5A6B /* Bit Market Current Value.appex */;
			productType = "com.apple.product-type.app-extension";
		};
		2F9EE2A6240F290800FEB634 /* BitMarket */ = {
			isa = PBXNativeTarget;
			buildConfigurationList = 2F9EE2C6240F290A00FEB634 /* Build configuration list for PBXNativeTarget "BitMarket" */;
			buildPhases = (
				FF91707BAB3023CB742B8CA2 /* [CP] Check Pods Manifest.lock */,
				2F9EE2A3240F290800FEB634 /* Sources */,
				2F9EE2A4240F290800FEB634 /* Frameworks */,
				2F9EE2A5240F290800FEB634 /* Resources */,
				2F950E0E2414A85E00FD5A6B /* Embed App Extensions */,
				2F950E14241551FF00FD5A6B /* Embed Frameworks */,
			);
			buildRules = (
			);
			dependencies = (
				2F950E0C2414A85E00FD5A6B /* PBXTargetDependency */,
			);
			name = BitMarket;
			productName = "Bit Market";
			productReference = 2F9EE2A7240F290800FEB634 /* Bit Market.app */;
			productType = "com.apple.product-type.application";
		};
		2FA2FB75241570A2009F4749 /* Bit MarketTests */ = {
			isa = PBXNativeTarget;
			buildConfigurationList = 2FA2FB7D241570A3009F4749 /* Build configuration list for PBXNativeTarget "Bit MarketTests" */;
			buildPhases = (
				995F2C0FABE1CEA7A1CB6216 /* [CP] Check Pods Manifest.lock */,
				2FA2FB72241570A2009F4749 /* Sources */,
				2FA2FB73241570A2009F4749 /* Frameworks */,
				2FA2FB74241570A2009F4749 /* Resources */,
			);
			buildRules = (
			);
			dependencies = (
				2FA2FB7C241570A3009F4749 /* PBXTargetDependency */,
			);
			name = "Bit MarketTests";
			productName = "Bit MarketTests";
			productReference = 2FA2FB76241570A2009F4749 /* Bit MarketTests.xctest */;
			productType = "com.apple.product-type.bundle.unit-test";
		};
/* End PBXNativeTarget section */

/* Begin PBXProject section */
		2F9EE29F240F290800FEB634 /* Project object */ = {
			isa = PBXProject;
			attributes = {
				LastSwiftUpdateCheck = 1130;
				LastUpgradeCheck = 1130;
				ORGANIZATIONNAME = "Matheus Cardoso Kuhn";
				TargetAttributes = {
					2F950E002414A85E00FD5A6B = {
						CreatedOnToolsVersion = 11.3.1;
					};
					2F9EE2A6240F290800FEB634 = {
						CreatedOnToolsVersion = 11.3.1;
					};
					2FA2FB75241570A2009F4749 = {
						CreatedOnToolsVersion = 11.3.1;
						TestTargetID = 2F9EE2A6240F290800FEB634;
					};
				};
			};
			buildConfigurationList = 2F9EE2A2240F290800FEB634 /* Build configuration list for PBXProject "BitMarket" */;
			compatibilityVersion = "Xcode 9.3";
			developmentRegion = en;
			hasScannedForEncodings = 0;
			knownRegions = (
				en,
				Base,
			);
			mainGroup = 2F9EE29E240F290800FEB634;
			productRefGroup = 2F9EE2A8240F290800FEB634 /* Products */;
			projectDirPath = "";
			projectRoot = "";
			targets = (
				2F9EE2A6240F290800FEB634 /* BitMarket */,
				2F950E002414A85E00FD5A6B /* BitMarketWidget */,
				2FA2FB75241570A2009F4749 /* Bit MarketTests */,
			);
		};
/* End PBXProject section */

/* Begin PBXResourcesBuildPhase section */
		2F950DFF2414A85E00FD5A6B /* Resources */ = {
			isa = PBXResourcesBuildPhase;
			buildActionMask = 2147483647;
			files = (
				2F950E092414A85E00FD5A6B /* MainInterface.storyboard in Resources */,
			);
			runOnlyForDeploymentPostprocessing = 0;
		};
		2F9EE2A5240F290800FEB634 /* Resources */ = {
			isa = PBXResourcesBuildPhase;
			buildActionMask = 2147483647;
			files = (
				2F9EE2B7240F290A00FEB634 /* LaunchScreen.storyboard in Resources */,
				2F9EE2B4240F290A00FEB634 /* Assets.xcassets in Resources */,
			);
			runOnlyForDeploymentPostprocessing = 0;
		};
		2FA2FB74241570A2009F4749 /* Resources */ = {
			isa = PBXResourcesBuildPhase;
			buildActionMask = 2147483647;
			files = (
			);
			runOnlyForDeploymentPostprocessing = 0;
		};
/* End PBXResourcesBuildPhase section */

/* Begin PBXShellScriptBuildPhase section */
		995F2C0FABE1CEA7A1CB6216 /* [CP] Check Pods Manifest.lock */ = {
			isa = PBXShellScriptBuildPhase;
			buildActionMask = 2147483647;
			files = (
			);
			inputFileListPaths = (
			);
			inputPaths = (
				"${PODS_PODFILE_DIR_PATH}/Podfile.lock",
				"${PODS_ROOT}/Manifest.lock",
			);
			name = "[CP] Check Pods Manifest.lock";
			outputFileListPaths = (
			);
			outputPaths = (
				"$(DERIVED_FILE_DIR)/Pods-Bit MarketTests-checkManifestLockResult.txt",
			);
			runOnlyForDeploymentPostprocessing = 0;
			shellPath = /bin/sh;
			shellScript = "diff \"${PODS_PODFILE_DIR_PATH}/Podfile.lock\" \"${PODS_ROOT}/Manifest.lock\" > /dev/null\nif [ $? != 0 ] ; then\n    # print error to STDERR\n    echo \"error: The sandbox is not in sync with the Podfile.lock. Run 'pod install' or update your CocoaPods installation.\" >&2\n    exit 1\nfi\n# This output is used by Xcode 'outputs' to avoid re-running this script phase.\necho \"SUCCESS\" > \"${SCRIPT_OUTPUT_FILE_0}\"\n";
			showEnvVarsInLog = 0;
		};
		FF91707BAB3023CB742B8CA2 /* [CP] Check Pods Manifest.lock */ = {
			isa = PBXShellScriptBuildPhase;
			buildActionMask = 2147483647;
			files = (
			);
			inputFileListPaths = (
			);
			inputPaths = (
				"${PODS_PODFILE_DIR_PATH}/Podfile.lock",
				"${PODS_ROOT}/Manifest.lock",
			);
			name = "[CP] Check Pods Manifest.lock";
			outputFileListPaths = (
			);
			outputPaths = (
				"$(DERIVED_FILE_DIR)/Pods-BitMarket-checkManifestLockResult.txt",
			);
			runOnlyForDeploymentPostprocessing = 0;
			shellPath = /bin/sh;
			shellScript = "diff \"${PODS_PODFILE_DIR_PATH}/Podfile.lock\" \"${PODS_ROOT}/Manifest.lock\" > /dev/null\nif [ $? != 0 ] ; then\n    # print error to STDERR\n    echo \"error: The sandbox is not in sync with the Podfile.lock. Run 'pod install' or update your CocoaPods installation.\" >&2\n    exit 1\nfi\n# This output is used by Xcode 'outputs' to avoid re-running this script phase.\necho \"SUCCESS\" > \"${SCRIPT_OUTPUT_FILE_0}\"\n";
			showEnvVarsInLog = 0;
		};
/* End PBXShellScriptBuildPhase section */

/* Begin PBXSourcesBuildPhase section */
		2F950DFD2414A85E00FD5A6B /* Sources */ = {
			isa = PBXSourcesBuildPhase;
			buildActionMask = 2147483647;
			files = (
				2F950E3124155B2F00FD5A6B /* TodayPresenter.swift in Sources */,
				2F950E2D241559B700FD5A6B /* TodayInteractor.swift in Sources */,
				2F950E062414A85E00FD5A6B /* TodayViewController.swift in Sources */,
				2F950E2F24155A4B00FD5A6B /* TodayService.swift in Sources */,
			);
			runOnlyForDeploymentPostprocessing = 0;
		};
		2F9EE2A3240F290800FEB634 /* Sources */ = {
			isa = PBXSourcesBuildPhase;
			buildActionMask = 2147483647;
			files = (
				2F9EE2AB240F290800FEB634 /* AppDelegate.swift in Sources */,
				2F9EE2AD240F290800FEB634 /* SceneDelegate.swift in Sources */,
			);
			runOnlyForDeploymentPostprocessing = 0;
		};
		2FA2FB72241570A2009F4749 /* Sources */ = {
			isa = PBXSourcesBuildPhase;
			buildActionMask = 2147483647;
			files = (
				2FA2FB79241570A3009F4749 /* Bit_MarketTests.swift in Sources */,
			);
			runOnlyForDeploymentPostprocessing = 0;
		};
/* End PBXSourcesBuildPhase section */

/* Begin PBXTargetDependency section */
		2F950E0C2414A85E00FD5A6B /* PBXTargetDependency */ = {
			isa = PBXTargetDependency;
			target = 2F950E002414A85E00FD5A6B /* BitMarketWidget */;
			targetProxy = 2F950E0B2414A85E00FD5A6B /* PBXContainerItemProxy */;
		};
		2FA2FB7C241570A3009F4749 /* PBXTargetDependency */ = {
			isa = PBXTargetDependency;
			target = 2F9EE2A6240F290800FEB634 /* BitMarket */;
			targetProxy = 2FA2FB7B241570A3009F4749 /* PBXContainerItemProxy */;
		};
/* End PBXTargetDependency section */

/* Begin PBXVariantGroup section */
		2F950E072414A85E00FD5A6B /* MainInterface.storyboard */ = {
			isa = PBXVariantGroup;
			children = (
				2F950E082414A85E00FD5A6B /* Base */,
			);
			name = MainInterface.storyboard;
			sourceTree = "<group>";
		};
		2F9EE2B5240F290A00FEB634 /* LaunchScreen.storyboard */ = {
			isa = PBXVariantGroup;
			children = (
				2F9EE2B6240F290A00FEB634 /* Base */,
			);
			name = LaunchScreen.storyboard;
			sourceTree = "<group>";
		};
/* End PBXVariantGroup section */

/* Begin XCBuildConfiguration section */
		2F950E0F2414A85E00FD5A6B /* Debug */ = {
			isa = XCBuildConfiguration;
			buildSettings = {
				CODE_SIGN_ENTITLEMENTS = "BitMarketWidget/Bit Market Current Value.entitlements";
				CODE_SIGN_STYLE = Automatic;
				DEVELOPMENT_TEAM = Q7836M9296;
				INFOPLIST_FILE = BitMarketWidget/Info.plist;
				LD_RUNPATH_SEARCH_PATHS = (
					"$(inherited)",
					"@executable_path/Frameworks",
					"@executable_path/../../Frameworks",
				);
				PRODUCT_BUNDLE_IDENTIFIER = MDT.bitmarket.BitMarketWidget;
				PRODUCT_NAME = "Bit Market Current Value";
				SKIP_INSTALL = YES;
				SWIFT_VERSION = 5.0;
				TARGETED_DEVICE_FAMILY = "1,2";
			};
			name = Debug;
		};
		2F950E102414A85E00FD5A6B /* Release */ = {
			isa = XCBuildConfiguration;
			buildSettings = {
				CODE_SIGN_ENTITLEMENTS = "BitMarketWidget/Bit Market Current Value.entitlements";
				CODE_SIGN_STYLE = Automatic;
				DEVELOPMENT_TEAM = Q7836M9296;
				INFOPLIST_FILE = BitMarketWidget/Info.plist;
				LD_RUNPATH_SEARCH_PATHS = (
					"$(inherited)",
					"@executable_path/Frameworks",
					"@executable_path/../../Frameworks",
				);
				PRODUCT_BUNDLE_IDENTIFIER = MDT.bitmarket.BitMarketWidget;
				PRODUCT_NAME = "Bit Market Current Value";
				SKIP_INSTALL = YES;
				SWIFT_VERSION = 5.0;
				TARGETED_DEVICE_FAMILY = "1,2";
			};
			name = Release;
		};
		2F9EE2C4240F290A00FEB634 /* Debug */ = {
			isa = XCBuildConfiguration;
			buildSettings = {
				ALWAYS_SEARCH_USER_PATHS = NO;
				CLANG_ANALYZER_NONNULL = YES;
				CLANG_ANALYZER_NUMBER_OBJECT_CONVERSION = YES_AGGRESSIVE;
				CLANG_CXX_LANGUAGE_STANDARD = "gnu++14";
				CLANG_CXX_LIBRARY = "libc++";
				CLANG_ENABLE_MODULES = YES;
				CLANG_ENABLE_OBJC_ARC = YES;
				CLANG_ENABLE_OBJC_WEAK = YES;
				CLANG_WARN_BLOCK_CAPTURE_AUTORELEASING = YES;
				CLANG_WARN_BOOL_CONVERSION = YES;
				CLANG_WARN_COMMA = YES;
				CLANG_WARN_CONSTANT_CONVERSION = YES;
				CLANG_WARN_DEPRECATED_OBJC_IMPLEMENTATIONS = YES;
				CLANG_WARN_DIRECT_OBJC_ISA_USAGE = YES_ERROR;
				CLANG_WARN_DOCUMENTATION_COMMENTS = YES;
				CLANG_WARN_EMPTY_BODY = YES;
				CLANG_WARN_ENUM_CONVERSION = YES;
				CLANG_WARN_INFINITE_RECURSION = YES;
				CLANG_WARN_INT_CONVERSION = YES;
				CLANG_WARN_NON_LITERAL_NULL_CONVERSION = YES;
				CLANG_WARN_OBJC_IMPLICIT_RETAIN_SELF = YES;
				CLANG_WARN_OBJC_LITERAL_CONVERSION = YES;
				CLANG_WARN_OBJC_ROOT_CLASS = YES_ERROR;
				CLANG_WARN_RANGE_LOOP_ANALYSIS = YES;
				CLANG_WARN_STRICT_PROTOTYPES = YES;
				CLANG_WARN_SUSPICIOUS_MOVE = YES;
				CLANG_WARN_UNGUARDED_AVAILABILITY = YES_AGGRESSIVE;
				CLANG_WARN_UNREACHABLE_CODE = YES;
				CLANG_WARN__DUPLICATE_METHOD_MATCH = YES;
				COPY_PHASE_STRIP = NO;
				DEBUG_INFORMATION_FORMAT = dwarf;
				ENABLE_STRICT_OBJC_MSGSEND = YES;
				ENABLE_TESTABILITY = YES;
				GCC_C_LANGUAGE_STANDARD = gnu11;
				GCC_DYNAMIC_NO_PIC = NO;
				GCC_NO_COMMON_BLOCKS = YES;
				GCC_OPTIMIZATION_LEVEL = 0;
				GCC_PREPROCESSOR_DEFINITIONS = (
					"DEBUG=1",
					"$(inherited)",
				);
				GCC_WARN_64_TO_32_BIT_CONVERSION = YES;
				GCC_WARN_ABOUT_RETURN_TYPE = YES_ERROR;
				GCC_WARN_UNDECLARED_SELECTOR = YES;
				GCC_WARN_UNINITIALIZED_AUTOS = YES_AGGRESSIVE;
				GCC_WARN_UNUSED_FUNCTION = YES;
				GCC_WARN_UNUSED_VARIABLE = YES;
				IPHONEOS_DEPLOYMENT_TARGET = 13.2;
				MTL_ENABLE_DEBUG_INFO = INCLUDE_SOURCE;
				MTL_FAST_MATH = YES;
				ONLY_ACTIVE_ARCH = YES;
				SDKROOT = iphoneos;
				SWIFT_ACTIVE_COMPILATION_CONDITIONS = DEBUG;
				SWIFT_OPTIMIZATION_LEVEL = "-Onone";
			};
			name = Debug;
		};
		2F9EE2C5240F290A00FEB634 /* Release */ = {
			isa = XCBuildConfiguration;
			buildSettings = {
				ALWAYS_SEARCH_USER_PATHS = NO;
				CLANG_ANALYZER_NONNULL = YES;
				CLANG_ANALYZER_NUMBER_OBJECT_CONVERSION = YES_AGGRESSIVE;
				CLANG_CXX_LANGUAGE_STANDARD = "gnu++14";
				CLANG_CXX_LIBRARY = "libc++";
				CLANG_ENABLE_MODULES = YES;
				CLANG_ENABLE_OBJC_ARC = YES;
				CLANG_ENABLE_OBJC_WEAK = YES;
				CLANG_WARN_BLOCK_CAPTURE_AUTORELEASING = YES;
				CLANG_WARN_BOOL_CONVERSION = YES;
				CLANG_WARN_COMMA = YES;
				CLANG_WARN_CONSTANT_CONVERSION = YES;
				CLANG_WARN_DEPRECATED_OBJC_IMPLEMENTATIONS = YES;
				CLANG_WARN_DIRECT_OBJC_ISA_USAGE = YES_ERROR;
				CLANG_WARN_DOCUMENTATION_COMMENTS = YES;
				CLANG_WARN_EMPTY_BODY = YES;
				CLANG_WARN_ENUM_CONVERSION = YES;
				CLANG_WARN_INFINITE_RECURSION = YES;
				CLANG_WARN_INT_CONVERSION = YES;
				CLANG_WARN_NON_LITERAL_NULL_CONVERSION = YES;
				CLANG_WARN_OBJC_IMPLICIT_RETAIN_SELF = YES;
				CLANG_WARN_OBJC_LITERAL_CONVERSION = YES;
				CLANG_WARN_OBJC_ROOT_CLASS = YES_ERROR;
				CLANG_WARN_RANGE_LOOP_ANALYSIS = YES;
				CLANG_WARN_STRICT_PROTOTYPES = YES;
				CLANG_WARN_SUSPICIOUS_MOVE = YES;
				CLANG_WARN_UNGUARDED_AVAILABILITY = YES_AGGRESSIVE;
				CLANG_WARN_UNREACHABLE_CODE = YES;
				CLANG_WARN__DUPLICATE_METHOD_MATCH = YES;
				COPY_PHASE_STRIP = NO;
				DEBUG_INFORMATION_FORMAT = "dwarf-with-dsym";
				ENABLE_NS_ASSERTIONS = NO;
				ENABLE_STRICT_OBJC_MSGSEND = YES;
				GCC_C_LANGUAGE_STANDARD = gnu11;
				GCC_NO_COMMON_BLOCKS = YES;
				GCC_WARN_64_TO_32_BIT_CONVERSION = YES;
				GCC_WARN_ABOUT_RETURN_TYPE = YES_ERROR;
				GCC_WARN_UNDECLARED_SELECTOR = YES;
				GCC_WARN_UNINITIALIZED_AUTOS = YES_AGGRESSIVE;
				GCC_WARN_UNUSED_FUNCTION = YES;
				GCC_WARN_UNUSED_VARIABLE = YES;
				IPHONEOS_DEPLOYMENT_TARGET = 13.2;
				MTL_ENABLE_DEBUG_INFO = NO;
				MTL_FAST_MATH = YES;
				SDKROOT = iphoneos;
				SWIFT_COMPILATION_MODE = wholemodule;
				SWIFT_OPTIMIZATION_LEVEL = "-O";
				VALIDATE_PRODUCT = YES;
			};
			name = Release;
		};
		2F9EE2C7240F290A00FEB634 /* Debug */ = {
			isa = XCBuildConfiguration;
			baseConfigurationReference = 91AAAE00133E8CA67BA2CDFE /* Pods-BitMarket.debug.xcconfig */;
			buildSettings = {
				ALWAYS_EMBED_SWIFT_STANDARD_LIBRARIES = YES;
				ASSETCATALOG_COMPILER_APPICON_NAME = AppIcon;
				CODE_SIGN_ENTITLEMENTS = "Bit Market.entitlements";
				CODE_SIGN_STYLE = Automatic;
				DEVELOPMENT_TEAM = Q7836M9296;
				FRAMEWORK_SEARCH_PATHS = (
					"$(inherited)",
					"$(PROJECT_DIR)",
				);
				INFOPLIST_FILE = "Bit Market/Info.plist";
				IPHONEOS_DEPLOYMENT_TARGET = 13.2;
				LD_RUNPATH_SEARCH_PATHS = (
					"$(inherited)",
					"@executable_path/Frameworks",
				);
				PRODUCT_BUNDLE_IDENTIFIER = MDT.bitmarket;
				PRODUCT_NAME = "Bit Market";
				SWIFT_VERSION = 5.0;
				TARGETED_DEVICE_FAMILY = 1;
			};
			name = Debug;
		};
		2F9EE2C8240F290A00FEB634 /* Release */ = {
			isa = XCBuildConfiguration;
			baseConfigurationReference = D7D8C100064D8BEDE361C68C /* Pods-BitMarket.release.xcconfig */;
			buildSettings = {
				ALWAYS_EMBED_SWIFT_STANDARD_LIBRARIES = YES;
				ASSETCATALOG_COMPILER_APPICON_NAME = AppIcon;
				CODE_SIGN_ENTITLEMENTS = "Bit Market.entitlements";
				CODE_SIGN_STYLE = Automatic;
				DEVELOPMENT_TEAM = Q7836M9296;
				FRAMEWORK_SEARCH_PATHS = (
					"$(inherited)",
					"$(PROJECT_DIR)",
				);
				INFOPLIST_FILE = "Bit Market/Info.plist";
				IPHONEOS_DEPLOYMENT_TARGET = 13.2;
				LD_RUNPATH_SEARCH_PATHS = (
					"$(inherited)",
					"@executable_path/Frameworks",
				);
				PRODUCT_BUNDLE_IDENTIFIER = MDT.bitmarket;
				PRODUCT_NAME = "Bit Market";
				SWIFT_VERSION = 5.0;
				TARGETED_DEVICE_FAMILY = 1;
			};
			name = Release;
		};
		2FA2FB7E241570A3009F4749 /* Debug */ = {
			isa = XCBuildConfiguration;
			baseConfigurationReference = 42032059A5CD2F75672133E0 /* Pods-Bit MarketTests.debug.xcconfig */;
			buildSettings = {
				BUNDLE_LOADER = "$(TEST_HOST)";
				CODE_SIGN_STYLE = Automatic;
				DEVELOPMENT_TEAM = 75Q35KU859;
				INFOPLIST_FILE = "Bit MarketTests/Info.plist";
				LD_RUNPATH_SEARCH_PATHS = (
					"$(inherited)",
					"@executable_path/Frameworks",
					"@loader_path/Frameworks",
				);
				PRODUCT_BUNDLE_IDENTIFIER = "MDT.Bit-MarketTests";
				PRODUCT_NAME = "$(TARGET_NAME)";
				SWIFT_VERSION = 5.0;
				TARGETED_DEVICE_FAMILY = "1,2";
				TEST_HOST = "$(BUILT_PRODUCTS_DIR)/Bit Market.app/Bit Market";
			};
			name = Debug;
		};
		2FA2FB7F241570A3009F4749 /* Release */ = {
			isa = XCBuildConfiguration;
			baseConfigurationReference = 969D21B4E7074176839DC354 /* Pods-Bit MarketTests.release.xcconfig */;
			buildSettings = {
				BUNDLE_LOADER = "$(TEST_HOST)";
				CODE_SIGN_STYLE = Automatic;
				DEVELOPMENT_TEAM = 75Q35KU859;
				INFOPLIST_FILE = "Bit MarketTests/Info.plist";
				LD_RUNPATH_SEARCH_PATHS = (
					"$(inherited)",
					"@executable_path/Frameworks",
					"@loader_path/Frameworks",
				);
				PRODUCT_BUNDLE_IDENTIFIER = "MDT.Bit-MarketTests";
				PRODUCT_NAME = "$(TARGET_NAME)";
				SWIFT_VERSION = 5.0;
				TARGETED_DEVICE_FAMILY = "1,2";
				TEST_HOST = "$(BUILT_PRODUCTS_DIR)/Bit Market.app/Bit Market";
			};
			name = Release;
		};
/* End XCBuildConfiguration section */

/* Begin XCConfigurationList section */
		2F950E112414A85E00FD5A6B /* Build configuration list for PBXNativeTarget "BitMarketWidget" */ = {
			isa = XCConfigurationList;
			buildConfigurations = (
				2F950E0F2414A85E00FD5A6B /* Debug */,
				2F950E102414A85E00FD5A6B /* Release */,
			);
			defaultConfigurationIsVisible = 0;
			defaultConfigurationName = Release;
		};
		2F9EE2A2240F290800FEB634 /* Build configuration list for PBXProject "BitMarket" */ = {
			isa = XCConfigurationList;
			buildConfigurations = (
				2F9EE2C4240F290A00FEB634 /* Debug */,
				2F9EE2C5240F290A00FEB634 /* Release */,
			);
			defaultConfigurationIsVisible = 0;
			defaultConfigurationName = Release;
		};
		2F9EE2C6240F290A00FEB634 /* Build configuration list for PBXNativeTarget "BitMarket" */ = {
			isa = XCConfigurationList;
			buildConfigurations = (
				2F9EE2C7240F290A00FEB634 /* Debug */,
				2F9EE2C8240F290A00FEB634 /* Release */,
			);
			defaultConfigurationIsVisible = 0;
			defaultConfigurationName = Release;
		};
		2FA2FB7D241570A3009F4749 /* Build configuration list for PBXNativeTarget "Bit MarketTests" */ = {
			isa = XCConfigurationList;
			buildConfigurations = (
				2FA2FB7E241570A3009F4749 /* Debug */,
				2FA2FB7F241570A3009F4749 /* Release */,
			);
			defaultConfigurationIsVisible = 0;
			defaultConfigurationName = Release;
		};
/* End XCConfigurationList section */
	};
	rootObject = 2F9EE29F240F290800FEB634 /* Project object */;
}
